<?xml version="1.0" encoding="utf-8"?>
<Project ToolsVersion="4.0" xmlns="http://schemas.microsoft.com/developer/msbuild/2003">
  <ItemGroup>
    <Filter Include="Source Files">
      <UniqueIdentifier>{4FC737F1-C7A5-4376-A066-2A32D752A2FF}</UniqueIdentifier>
      <Extensions>cpp;c;cc;cxx;c++;cppm;ixx;def;odl;idl;hpj;bat;asm;asmx</Extensions>
    </Filter>
    <Filter Include="Header Files">
      <UniqueIdentifier>{93995380-89BD-4b04-88EB-625FBE52EBFB}</UniqueIdentifier>
      <Extensions>h;hh;hpp;hxx;h++;hm;inl;inc;ipp;xsd</Extensions>
    </Filter>
    <Filter Include="Resource Files">
      <UniqueIdentifier>{67DA6AB6-F800-4c08-8B7A-83BB121AAD01}</UniqueIdentifier>
      <Extensions>rc;ico;cur;bmp;dlg;rc2;rct;bin;rgs;gif;jpg;jpeg;jpe;resx;tiff;tif;png;wav;mfcribbon-ms</Extensions>
    </Filter>
    <Filter Include="Utilities">
      <UniqueIdentifier>{f79e8bee-612a-4a94-8653-f5fdaf883c94}</UniqueIdentifier>
    </Filter>
    <Filter Include="Vectors">
      <UniqueIdentifier>{8785ec73-9de5-4fe4-97bf-65d59cd9f9b0}</UniqueIdentifier>
    </Filter>
    <Filter Include="Matrix">
      <UniqueIdentifier>{8ce3b7de-23cc-49bb-9f1f-d2c8b3c6c232}</UniqueIdentifier>
    </Filter>
    <Filter Include="Quaternion">
      <UniqueIdentifier>{976a7149-77d8-48db-8268-1b088b17db89}</UniqueIdentifier>
    </Filter>
  </ItemGroup>
  <ItemGroup>
    <ClInclude Include="include\Utilities\EngineMath.h">
      <Filter>Utilities</Filter>
    </ClInclude>
    <ClInclude Include="include\Vectors\Vector2.h">
      <Filter>Vectors</Filter>
    </ClInclude>
    <ClInclude Include="include\Vectors\Vector3.h">
      <Filter>Vectors</Filter>
    </ClInclude>
    <ClInclude Include="include\Vectors\Vector4.h">
      <Filter>Vectors</Filter>
    </ClInclude>
    <ClInclude Include="include\Matrix\Matrix2x2.h">
      <Filter>Matrix</Filter>
    </ClInclude>
    <ClInclude Include="include\Matrix\Matrix3x3.h">
      <Filter>Matrix</Filter>
    </ClInclude>
    <ClInclude Include="include\Matrix\Matrix4x4.h">
      <Filter>Matrix</Filter>
    </ClInclude>
    <ClInclude Include="include\Quaternion\Quaternion.h">
      <Filter>Quaternion</Filter>
    </ClInclude>
  </ItemGroup>
</Project>